
Microsoft Visual Studio Solution File, Format Version 12.00
# Visual Studio Version 17
VisualStudioVersion = 17.8.34330.188
MinimumVisualStudioVersion = 10.0.40219.1
Project("{9A19103F-16F7-4668-BE54-9A1E7A4F7556}") = "Identity", "Identity\Identity.csproj", "{080FADD6-EE28-4555-B1B9-B40D17CC0015}"
	ProjectSection(ProjectDependencies) = postProject
		{C6080A5F-8582-41E8-8D61-A45BF41DD8FA} = {C6080A5F-8582-41E8-8D61-A45BF41DD8FA}
	EndProjectSection
EndProject
Project("{FAE04EC0-301F-11D3-BF4B-00C04F79EFBC}") = "Templates", "Templates\Templates.csproj", "{C6080A5F-8582-41E8-8D61-A45BF41DD8FA}"
EndProject
Global
	GlobalSection(SolutionConfigurationPlatforms) = preSolution
		Debug|Any CPU = Debug|Any CPU
		Release|Any CPU = Release|Any CPU
	EndGlobalSection
	GlobalSection(ProjectConfigurationPlatforms) = postSolution
		{080FADD6-EE28-4555-B1B9-B40D17CC0015}.Debug|Any CPU.ActiveCfg = Debug|Any CPU
		{080FADD6-EE28-4555-B1B9-B40D17CC0015}.Debug|Any CPU.Build.0 = Debug|Any CPU
		{080FADD6-EE28-4555-B1B9-B40D17CC0015}.Release|Any CPU.ActiveCfg = Release|Any CPU
		{080FADD6-EE28-4555-B1B9-B40D17CC0015}.Release|Any CPU.Build.0 = Release|Any CPU
		{C6080A5F-8582-41E8-8D61-A45BF41DD8FA}.Debug|Any CPU.ActiveCfg = Debug|Any CPU
		{C6080A5F-8582-41E8-8D61-A45BF41DD8FA}.Debug|Any CPU.Build.0 = Debug|Any CPU
		{C6080A5F-8582-41E8-8D61-A45BF41DD8FA}.Release|Any CPU.ActiveCfg = Release|Any CPU
		{C6080A5F-8582-41E8-8D61-A45BF41DD8FA}.Release|Any CPU.Build.0 = Release|Any CPU
	EndGlobalSection
	GlobalSection(SolutionProperties) = preSolution
		HideSolutionNode = FALSE
	EndGlobalSection
	GlobalSection(ExtensibilityGlobals) = postSolution
		SolutionGuid = {C8C9324B-FFE5-430C-A000-DBD7CBF3EEF9}
	EndGlobalSection
EndGlobal
